
Microsoft Visual Studio Solution File, Format Version 12.00
# Visual Studio Version 16
VisualStudioVersion = 16.0.31112.23
MinimumVisualStudioVersion = 10.0.40219.1
Project("{FAE04EC0-301F-11D3-BF4B-00C04F79EFBC}") = "IgraBot", "IgraBot\IgraBot.csproj", "{0240D8BE-5B7A-4600-8E95-9226C362E1EB}"
EndProject
Global
	GlobalSection(SolutionConfigurationPlatforms) = preSolution
		Debug|Any CPU = Debug|Any CPU
		Release|Any CPU = Release|Any CPU
	EndGlobalSection
	GlobalSection(ProjectConfigurationPlatforms) = postSolution
		{0240D8BE-5B7A-4600-8E95-9226C362E1EB}.Debug|Any CPU.ActiveCfg = Debug|Any CPU
		{0240D8BE-5B7A-4600-8E95-9226C362E1EB}.Debug|Any CPU.Build.0 = Debug|Any CPU
		{0240D8BE-5B7A-4600-8E95-9226C362E1EB}.Release|Any CPU.ActiveCfg = Release|Any CPU
		{0240D8BE-5B7A-4600-8E95-9226C362E1EB}.Release|Any CPU.Build.0 = Release|Any CPU
	EndGlobalSection
	GlobalSection(SolutionProperties) = preSolution
		HideSolutionNode = FALSE
	EndGlobalSection
	GlobalSection(ExtensibilityGlobals) = postSolution
		SolutionGuid = {1807CE60-73CA-4056-B9CD-15ED6DC47915}
	EndGlobalSection
EndGlobal
